
Microsoft Visual Studio Solution File, Format Version 12.00
# Visual Studio Version 17
VisualStudioVersion = 17.11.35222.181
MinimumVisualStudioVersion = 10.0.40219.1
Project("{FAE04EC0-301F-11D3-BF4B-00C04F79EFBC}") = "testC#", "testC#\testC#.csproj", "{9811CDCA-91FF-4830-9774-7B5201EF9BB7}"
EndProject
Global
	GlobalSection(SolutionConfigurationPlatforms) = preSolution
		Debug|Any CPU = Debug|Any CPU
		Release|Any CPU = Release|Any CPU
	EndGlobalSection
	GlobalSection(ProjectConfigurationPlatforms) = postSolution
		{9811CDCA-91FF-4830-9774-7B5201EF9BB7}.Debug|Any CPU.ActiveCfg = Debug|Any CPU
		{9811CDCA-91FF-4830-9774-7B5201EF9BB7}.Debug|Any CPU.Build.0 = Debug|Any CPU
		{9811CDCA-91FF-4830-9774-7B5201EF9BB7}.Release|Any CPU.ActiveCfg = Release|Any CPU
		{9811CDCA-91FF-4830-9774-7B5201EF9BB7}.Release|Any CPU.Build.0 = Release|Any CPU
	EndGlobalSection
	GlobalSection(SolutionProperties) = preSolution
		HideSolutionNode = FALSE
	EndGlobalSection
	GlobalSection(ExtensibilityGlobals) = postSolution
		SolutionGuid = {F18A60C6-DA62-4A6B-B6CC-CBBBC0A328FE}
	EndGlobalSection
EndGlobal
